github.com/PuerkitoBio/goquery v1.4.1 h1:smcIRGdYm/w7JSbcdeLHEMzxmsBQvl8lhf0dSw2nzMI=
github.com/PuerkitoBio/goquery v1.4.1/go.mod h1:T9ezsOHcCrDCgA8aF1Cqr3sSYbO/xgdy8/R/XiIMAhA=
github.com/advancedlogic/GoOse v0.0.0-20210820140952-9d5822d4a625 h1:LZIP5Bj5poWWRZ8fcL4ZwCupb4FwcTFK2RCTxkGnCX8=
github.com/advancedlogic/GoOse v0.0.0-20210820140952-9d5822d4a625/go.mod h1:f3HCSN1fBWjcpGtXyM119MJgeQl838v6so/PQOqvE1w=
github.com/andybalholm/cascadia v1.0.0 h1:hOCXnnZ5A+3eVDX8pvgl4kofXv2ELss0bKcqRySc45o=
github.com/andybalholm/cascadia v1.0.0/go.mod h1:GsXiBklL0woXo1j/WYWtSYYC4ouU9PqHO0sqidkEA4Y=
github.com/araddon/dateparse v0.0.0-20180729174819-cfd92a431d0e h1:s05JG2GwtJMHaPcXDpo4V35TFgyYZzNsmBlSkHPEbeg=
github.com/araddon/dateparse v0.0.0-20180729174819-cfd92a431d0e/go.mod h1:SLqhdZcd+dF3TEVL2RMoob5bBP5R1P1qkox+HtCBgGI=
github.com/beevik/ntp v0.3.0 h1:xzVrPrE4ziasFXgBVBZJDP0Wg/KpMwk2KHJ4Ba8GrDw=
github.com/beevik/ntp v0.3.0/go.mod h1:hIHWr+l3+/clUnF44zdK+CWW7fO8dR5cIylAQ76NRpg=
github.com/cpuguy83/go-md2man/v2 v2.0.1/go.mod h1:tgQtvFlXSQOSOSIRvRPT7W67SCa46tRHOmNcaadrF8o=
github.com/davecgh/go-spew v1.1.0/go.mod h1:J7Y8YcW2NihsgmVo/mv3lAwl/skON4iLHjSsI+c5H38=
github.com/davecgh/go-spew v1.1.1 h1:vj9j/u1bqnvCEfJOwUhtlOARqs3+rkHYY13jYWTU97c=
github.com/davecgh/go-spew v1.1.1/go.mod h1:J7Y8YcW2NihsgmVo/mv3lAwl/skON4iLHjSsI+c5H38=
github.com/fatih/set v0.2.1 h1:nn2CaJyknWE/6txyUDGwysr3G5QC6xWB/PtVjPBbeaA=
github.com/fatih/set v0.2.1/go.mod h1:+RKtMCH+favT2+3YecHGxcc0b4KyVWA1QWWJUs4E0CI=
github.com/gigawattio/window v0.0.0-20180317192513-0f5467e35573 h1:u8AQ9bPa9oC+8/A/jlWouakhIvkFfuxgIIRjiy8av7I=
github.com/gigawattio/window v0.0.0-20180317192513-0f5467e35573/go.mod h1:eBvb3i++NHDH4Ugo9qCvMw8t0mTSctaEa5blJbWcNxs=
github.com/go-resty/resty/v2 v2.0.0 h1:9Nq/U+V4xsoDnDa/iTrABDWUCuk3Ne92XFHPe6dKWUc=
github.com/go-resty/resty/v2 v2.0.0/go.mod h1:dZGr0i9PLlaaTD4H/hoZIDjQ+r6xq8mgbRzHZf7f2J8=
github.com/gorilla/mux v1.8.0 h1:i40aqfkR1h2SlN9hojwV5ZA91wcXFOvkdNIeFDP5koI=
github.com/gorilla/mux v1.8.0/go.mod h1:DVbg23sWSpFRCP0SfiEN6jmj59UnW/n46BH5rLB71So=
github.com/inconshreveable/mousetrap v1.0.0 h1:Z8tu5sraLXCXIcARxBp/8cbvlwVa7Z1NHg9XEKhtSvM=
github.com/inconshreveable/mousetrap v1.0.0/go.mod h1:PxqpIevigyE2G7u3NXJIT2ANytuPF1OarO4DADm73n8=
github.com/jaytaylor/html2text v0.0.0-20180606194806-57d518f124b0 h1:xqgexXAGQgY3HAjNPSaCqn5Aahbo5TKsmhp8VRfr1iQ=
github.com/jaytaylor/html2text v0.0.0-20180606194806-57d518f124b0/go.mod h1:CVKlgaMiht+LXvHG173ujK6JUhZXKb2u/BQtjPDIvyk=
github.com/lib/pq v1.10.5 h1:J+gdV2cUmX7ZqL2B0lFcW0m+egaHC2V3lpO8nWxyYiQ=
github.com/lib/pq v1.10.5/go.mod h1:AlVN5x4E4T544tWzH6hKfbfQvm3HdbOxrmggDNAPY9o=
github.com/mattn/go-runewidth v0.0.3 h1:a+kO+98RDGEfo6asOGMmpodZq4FNtnGP54yps8BzLR4=
github.com/mattn/go-runewidth v0.0.3/go.mod h1:LwmH8dsx7+W8Uxz3IHJYH5QSwggIsqBzpuz5H//U1FU=
github.com/olekukonko/tablewriter v0.0.0-20180506121414-d4647c9c7a84 h1:fiKJgB4JDUd43CApkmCeTSQlWjtTtABrU2qsgbuP0BI=
github.com/olekukonko/tablewriter v0.0.0-20180506121414-d4647c9c7a84/go.mod h1:vsDQFd/mU46D+Z4whnwzcISnGGzXWMclvtLoiIKAKIo=
github.com/pkg/errors v0.8.1 h1:iURUrRGxPUNPdy5/HRSm+Yj6okJ6UtLINN0Q9M4+h3I=
github.com/pkg/errors v0.8.1/go.mod h1:bwawxfHBFNV+L2hUp1rHADufV3IMtnDRdf1r5NINEl0=
github.com/pmezard/go-difflib v1.0.0 h1:4DBwDE0NGyQoBHbLQYPwSUPoCMWR5BEzIk/f1lZbAQM=
github.com/pmezard/go-difflib v1.0.0/go.mod h1:iKH77koFhYxTK1pcRnkKkqfTogsbg7gZNVY4sRDYZ/4=
github.com/rs/cors v1.8.2 h1:KCooALfAYGs415Cwu5ABvv9n9509fSiG5SQJn/AQo4U=
github.com/rs/cors v1.8.2/go.mod h1:XyqrcTp5zjWr1wsJ8PIRZssZ8b/WMcMf71DJnit4EMU=
github.com/russross/blackfriday/v2 v2.1.0/go.mod h1:+Rmxgy9KzJVeS9/2gXHxylqXiyQDYRxCVz55jmeOWTM=
github.com/simplereach/timeutils v1.2.0/go.mod h1:VVbQDfN/FHRZa1LSqcwo4kNZ62OOyqLLGQKYB3pB0Q8=
github.com/sirupsen/logrus v1.8.1 h1:dJKuHgqk1NNQlqoA6BTlM1Wf9DOH3NBjQyu0h9+AZZE=
github.com/sirupsen/logrus v1.8.1/go.mod h1:yWOB1SBYBC5VeMP7gHvWumXLIWorT60ONWic61uBYv0=
github.com/spf13/cobra v1.4.0 h1:y+wJpx64xcgO1V+RcnwW0LEHxTKRi2ZDPSBjWnrg88Q=
github.com/spf13/cobra v1.4.0/go.mod h1:Wo4iy3BUC+X2Fybo0PDqwJIv3dNRiZLHQymsfxlB84g=
github.com/spf13/pflag v1.0.5 h1:iy+VFUOCP1a+8yFto/drg2CJ5u0yRoB7fZw3DKv/JXA=
github.com/spf13/pflag v1.0.5/go.mod h1:McXfInJRrz4CZXVZOBLb0bTZqETkiAhM9Iw0y3An2Bg=
github.com/ssor/bom v0.0.0-20170718123548-6386211fdfcf h1:pvbZ0lM0XWPBqUKqFU8cmavspvIl9nulOYwdy6IFRRo=
github.com/ssor/bom v0.0.0-20170718123548-6386211fdfcf/go.mod h1:RJID2RhlZKId02nZ62WenDCkgHFerpIOmW0iT7GKmXM=
github.com/stretchr/objx v0.1.0/go.mod h1:HFkY916IF+rwdDfMAkV7OtwuqBVzrE8GR6GFx+wExME=
github.com/stretchr/testify v1.2.2 h1:bSDNvY7ZPG5RlJ8otE/7V6gMiyenm9RtJ7IUVIAoJ1w=
github.com/stretchr/testify v1.2.2/go.mod h1:a8OnRcib4nhh0OaRAV+Yts87kKdq0PP7pXfy6kDkUVs=
github.com/stretchr/testify v1.4.0 h1:2E4SXV/wtOkTonXsotYi4li6zVWxYlZuYNCXe9XRJyk=
github.com/stretchr/testify v1.4.0/go.mod h1:j7eGeouHqKxXV5pUuKE4zz7dFj8WfuZ+81PSLYec5m4=
golang.org/x/crypto v0.0.0-20190308221718-c2843e01d9a2/go.mod h1:djNgcEr1/C05ACkg1iLfiJU5Ep61QUkGW8qpdssI0+w=
golang.org/x/net v0.0.0-20180218175443-cbe0f9307d01/go.mod h1:mL1N/T3taQHkDXs73rZJwtUhF3w3ftmwwsq0BUmARs4=
golang.org/x/net v0.0.0-20190628185345-da137c7871d7 h1:rTIdg5QFRR7XCaK4LCjBiPbx8j4DQRpdYMnGn/bJUEU=
golang.org/x/net v0.0.0-20190628185345-da137c7871d7/go.mod h1:z5CRVTTTmAJ677TzLLGU+0bjPO0LkuOLi4/5GtJWs/s=
golang.org/x/sys v0.0.0-20190215142949-d0b11bdaac8a/go.mod h1:STP8DvDyc/dI5b8T5hshtkjS+E42TnysNCUPdjciGhY=
golang.org/x/sys v0.0.0-20191026070338-33540a1f6037 h1:YyJpGZS1sBuBCzLAR1VEpK193GlqGZbnPFnPV/5Rsb4=
golang.org/x/sys v0.0.0-20191026070338-33540a1f6037/go.mod h1:h1NjWce9XRLGQEsW7wpKNCjG9DtNlClVuFLEZdDNbEs=
golang.org/x/text v0.3.0 h1:g61tztE5qeGQ89tm6NTjjM9VPIm088od1l6aSorWRWg=
golang.org/x/text v0.3.0/go.mod h1:NqM8EUOU14njkJ3fqMW+pc6Ldnwhi/IjpwHt7yyuwOQ=
gopkg.in/check.v1 v0.0.0-20161208181325-20d25e280405/go.mod h1:Co6ibVJAznAaIkqp8huTwlJQCZ016jof/cbN4VW5Yz0=
gopkg.in/mgo.v2 v2.0.0-20190816093944-a6b53ec6cb22/go.mod h1:yeKp02qBN3iKW1OzL3MGk2IdtZzaj7SFntXj72NppTA=
gopkg.in/yaml.v2 v2.2.2/go.mod h1:hI93XBmqTisBFMUTm0b8Fm+jr3Dg1NNxqwp+5A1VGuI=
gopkg.in/yaml.v2 v2.4.0/go.mod h1:RDklbk79AGWmwhnvt/jBztapEOGDOx6ZbXqjP6csGnQ=
